// !$*UTF8*$!
{
	archiveVersion = 1;
	classes = {
	};
	objectVersion = 46;
	objects = {

/* Begin PBXBuildFile section */
		13B07FBC1A68108700A75B9A /* AppDelegate.m in Sources */ = {isa = PBXBuildFile; fileRef = 13B07FB01A68108700A75B9A /* AppDelegate.m */; };
		13B07FBD1A68108700A75B9A /* LaunchScreen.xib in Resources */ = {isa = PBXBuildFile; fileRef = 13B07FB11A68108700A75B9A /* LaunchScreen.xib */; };
		13B07FBF1A68108700A75B9A /* Images.xcassets in Resources */ = {isa = PBXBuildFile; fileRef = 13B07FB51A68108700A75B9A /* Images.xcassets */; };
		13B07FC11A68108700A75B9A /* main.m in Sources */ = {isa = PBXBuildFile; fileRef = 13B07FB71A68108700A75B9A /* main.m */; };
		3E461D99554A48A4959DE609 /* SplashScreen.storyboard in Resources */ = {isa = PBXBuildFile; fileRef = AA286B85B6C04FC6940260E9 /* SplashScreen.storyboard */; };
		4949F06126440071007C329C /* empty.swift in Sources */ = {isa = PBXBuildFile; fileRef = 4949F06026440071007C329C /* empty.swift */; };
		B21D497FA4170CA9B22CB62B /* libPods-borneapp.a in Frameworks */ = {isa = PBXBuildFile; fileRef = 9443D5D839E9D599C4321594 /* libPods-borneapp.a */; };
		BB2F792D24A3F905000567C9 /* Expo.plist in Resources */ = {isa = PBXBuildFile; fileRef = BB2F792C24A3F905000567C9 /* Expo.plist */; };
		DAA9798426DFBED00009061A /* libPods-borneapp.a in Frameworks */ = {isa = PBXBuildFile; fileRef = 9443D5D839E9D599C4321594 /* libPods-borneapp.a */; };
/* End PBXBuildFile section */

/* Begin PBXFileReference section */
		008F07F21AC5B25A0029DE68 /* main.jsbundle */ = {isa = PBXFileReference; fileEncoding = 4; lastKnownFileType = text; path = main.jsbundle; sourceTree = "<group>"; };
		00E91057079843E5834525E9 /* SimpleLineIcons.ttf */ = {isa = PBXFileReference; explicitFileType = undefined; fileEncoding = 9; includeInIndex = 0; lastKnownFileType = unknown; name = SimpleLineIcons.ttf; path = "../node_modules/react-native-vector-icons/Fonts/SimpleLineIcons.ttf"; sourceTree = "<group>"; };
		00EC02C3E87A454498D5F11A /* MaterialCommunityIcons.ttf */ = {isa = PBXFileReference; explicitFileType = undefined; fileEncoding = 9; includeInIndex = 0; lastKnownFileType = unknown; name = MaterialCommunityIcons.ttf; path = "../node_modules/react-native-vector-icons/Fonts/MaterialCommunityIcons.ttf"; sourceTree = "<group>"; };
		04543FD491B9BC3E1842264F /* Pods-borneapp.release.xcconfig */ = {isa = PBXFileReference; includeInIndex = 1; lastKnownFileType = text.xcconfig; name = "Pods-borneapp.release.xcconfig"; path = "Target Support Files/Pods-borneapp/Pods-borneapp.release.xcconfig"; sourceTree = "<group>"; };
		0DA12E1A2D3B42A887799A97 /* Foundation.ttf */ = {isa = PBXFileReference; explicitFileType = undefined; fileEncoding = 9; includeInIndex = 0; lastKnownFileType = unknown; name = Foundation.ttf; path = "../node_modules/react-native-vector-icons/Fonts/Foundation.ttf"; sourceTree = "<group>"; };
		13B07F961A680F5B00A75B9A /* borneapp.app */ = {isa = PBXFileReference; explicitFileType = wrapper.application; includeInIndex = 0; path = borneapp.app; sourceTree = BUILT_PRODUCTS_DIR; };
		13B07FAF1A68108700A75B9A /* AppDelegate.h */ = {isa = PBXFileReference; fileEncoding = 4; lastKnownFileType = sourcecode.c.h; name = AppDelegate.h; path = borneapp/AppDelegate.h; sourceTree = "<group>"; };
		13B07FB01A68108700A75B9A /* AppDelegate.m */ = {isa = PBXFileReference; fileEncoding = 4; lastKnownFileType = sourcecode.c.objc; name = AppDelegate.m; path = borneapp/AppDelegate.m; sourceTree = "<group>"; };
		13B07FB21A68108700A75B9A /* Base */ = {isa = PBXFileReference; lastKnownFileType = file.xib; name = Base; path = Base.lproj/LaunchScreen.xib; sourceTree = "<group>"; };
		13B07FB51A68108700A75B9A /* Images.xcassets */ = {isa = PBXFileReference; lastKnownFileType = folder.assetcatalog; name = Images.xcassets; path = borneapp/Images.xcassets; sourceTree = "<group>"; };
		13B07FB61A68108700A75B9A /* Info.plist */ = {isa = PBXFileReference; fileEncoding = 4; lastKnownFileType = text.plist.xml; name = Info.plist; path = borneapp/Info.plist; sourceTree = "<group>"; };
		13B07FB71A68108700A75B9A /* main.m */ = {isa = PBXFileReference; fileEncoding = 4; lastKnownFileType = sourcecode.c.objc; name = main.m; path = borneapp/main.m; sourceTree = "<group>"; };
		16E5CC03EEAA4A94992ABE38 /* Entypo.ttf */ = {isa = PBXFileReference; explicitFileType = undefined; fileEncoding = 9; includeInIndex = 0; lastKnownFileType = unknown; name = Entypo.ttf; path = "../node_modules/react-native-vector-icons/Fonts/Entypo.ttf"; sourceTree = "<group>"; };
		4949F05F26440070007C329C /* borneapp-Bridging-Header.h */ = {isa = PBXFileReference; lastKnownFileType = sourcecode.c.h; path = "borneapp-Bridging-Header.h"; sourceTree = "<group>"; };
		4949F06026440071007C329C /* empty.swift */ = {isa = PBXFileReference; lastKnownFileType = sourcecode.swift; path = empty.swift; sourceTree = "<group>"; };
		7C31B62561D34FAEB76A9B63 /* EvilIcons.ttf */ = {isa = PBXFileReference; explicitFileType = undefined; fileEncoding = 9; includeInIndex = 0; lastKnownFileType = unknown; name = EvilIcons.ttf; path = "../node_modules/react-native-vector-icons/Fonts/EvilIcons.ttf"; sourceTree = "<group>"; };
		7DC4E7D271334987AD696212 /* FontAwesome5_Regular.ttf */ = {isa = PBXFileReference; explicitFileType = undefined; fileEncoding = 9; includeInIndex = 0; lastKnownFileType = unknown; name = FontAwesome5_Regular.ttf; path = "../node_modules/react-native-vector-icons/Fonts/FontAwesome5_Regular.ttf"; sourceTree = "<group>"; };
		915F308659D143A38448DD2C /* Octicons.ttf */ = {isa = PBXFileReference; explicitFileType = undefined; fileEncoding = 9; includeInIndex = 0; lastKnownFileType = unknown; name = Octicons.ttf; path = "../node_modules/react-native-vector-icons/Fonts/Octicons.ttf"; sourceTree = "<group>"; };
		91DB3AAAE69A492E81E04FC7 /* FontAwesome5_Solid.ttf */ = {isa = PBXFileReference; explicitFileType = undefined; fileEncoding = 9; includeInIndex = 0; lastKnownFileType = unknown; name = FontAwesome5_Solid.ttf; path = "../node_modules/react-native-vector-icons/Fonts/FontAwesome5_Solid.ttf"; sourceTree = "<group>"; };
		9443D5D839E9D599C4321594 /* libPods-borneapp.a */ = {isa = PBXFileReference; explicitFileType = archive.ar; includeInIndex = 0; path = "libPods-borneapp.a"; sourceTree = BUILT_PRODUCTS_DIR; };
		A5C60CBCC06B41B999C11458 /* Zocial.ttf */ = {isa = PBXFileReference; explicitFileType = undefined; fileEncoding = 9; includeInIndex = 0; lastKnownFileType = unknown; name = Zocial.ttf; path = "../node_modules/react-native-vector-icons/Fonts/Zocial.ttf"; sourceTree = "<group>"; };
		AA286B85B6C04FC6940260E9 /* SplashScreen.storyboard */ = {isa = PBXFileReference; fileEncoding = 4; lastKnownFileType = file.storyboard; name = SplashScreen.storyboard; path = borneapp/SplashScreen.storyboard; sourceTree = "<group>"; };
		B2C2BEC0472849CAA88C87A6 /* FontAwesome.ttf */ = {isa = PBXFileReference; explicitFileType = undefined; fileEncoding = 9; includeInIndex = 0; lastKnownFileType = unknown; name = FontAwesome.ttf; path = "../node_modules/react-native-vector-icons/Fonts/FontAwesome.ttf"; sourceTree = "<group>"; };
		BB145F0F91014A17B93DDA53 /* Fontisto.ttf */ = {isa = PBXFileReference; explicitFileType = undefined; fileEncoding = 9; includeInIndex = 0; lastKnownFileType = unknown; name = Fontisto.ttf; path = "../node_modules/react-native-vector-icons/Fonts/Fontisto.ttf"; sourceTree = "<group>"; };
		BB2F792C24A3F905000567C9 /* Expo.plist */ = {isa = PBXFileReference; fileEncoding = 4; lastKnownFileType = text.plist.xml; path = Expo.plist; sourceTree = "<group>"; };
		CAEA71BE9AA64F06AA418B07 /* MaterialIcons.ttf */ = {isa = PBXFileReference; explicitFileType = undefined; fileEncoding = 9; includeInIndex = 0; lastKnownFileType = unknown; name = MaterialIcons.ttf; path = "../node_modules/react-native-vector-icons/Fonts/MaterialIcons.ttf"; sourceTree = "<group>"; };
		D18067B864F742179739554F /* AntDesign.ttf */ = {isa = PBXFileReference; explicitFileType = undefined; fileEncoding = 9; includeInIndex = 0; lastKnownFileType = unknown; name = AntDesign.ttf; path = "../node_modules/react-native-vector-icons/Fonts/AntDesign.ttf"; sourceTree = "<group>"; };
		DA8AD25426EA61E300B00D9E /* 64.png */ = {isa = PBXFileReference; lastKnownFileType = image.png; name = 64.png; path = ../../../Desktop/AppIcons/Assets.xcassets/AppIcon.appiconset/64.png; sourceTree = "<group>"; };
		DA8AD25526EA61E300B00D9E /* 88.png */ = {isa = PBXFileReference; lastKnownFileType = image.png; name = 88.png; path = ../../../Desktop/AppIcons/Assets.xcassets/AppIcon.appiconset/88.png; sourceTree = "<group>"; };
		DA8AD25626EA61E300B00D9E /* 58.png */ = {isa = PBXFileReference; lastKnownFileType = image.png; name = 58.png; path = ../../../Desktop/AppIcons/Assets.xcassets/AppIcon.appiconset/58.png; sourceTree = "<group>"; };
		DA8AD25726EA61E400B00D9E /* 76.png */ = {isa = PBXFileReference; lastKnownFileType = image.png; name = 76.png; path = ../../../Desktop/AppIcons/Assets.xcassets/AppIcon.appiconset/76.png; sourceTree = "<group>"; };
		DA8AD25826EA61E400B00D9E /* 180.png */ = {isa = PBXFileReference; lastKnownFileType = image.png; name = 180.png; path = ../../../Desktop/AppIcons/Assets.xcassets/AppIcon.appiconset/180.png; sourceTree = "<group>"; };
		DA8AD25926EA61E400B00D9E /* 50.png */ = {isa = PBXFileReference; lastKnownFileType = image.png; name = 50.png; path = ../../../Desktop/AppIcons/Assets.xcassets/AppIcon.appiconset/50.png; sourceTree = "<group>"; };
		DA8AD25A26EA61E400B00D9E /* 196.png */ = {isa = PBXFileReference; lastKnownFileType = image.png; name = 196.png; path = ../../../Desktop/AppIcons/Assets.xcassets/AppIcon.appiconset/196.png; sourceTree = "<group>"; };
		DA8AD25B26EA61E400B00D9E /* 55.png */ = {isa = PBXFileReference; lastKnownFileType = image.png; name = 55.png; path = ../../../Desktop/AppIcons/Assets.xcassets/AppIcon.appiconset/55.png; sourceTree = "<group>"; };
		DA8AD25C26EA61E400B00D9E /* 120.png */ = {isa = PBXFileReference; lastKnownFileType = image.png; name = 120.png; path = ../../../Desktop/AppIcons/Assets.xcassets/AppIcon.appiconset/120.png; sourceTree = "<group>"; };
		DA8AD25D26EA61E500B00D9E /* 152.png */ = {isa = PBXFileReference; lastKnownFileType = image.png; name = 152.png; path = ../../../Desktop/AppIcons/Assets.xcassets/AppIcon.appiconset/152.png; sourceTree = "<group>"; };
		DA8AD25E26EA61E500B00D9E /* 48.png */ = {isa = PBXFileReference; lastKnownFileType = image.png; name = 48.png; path = ../../../Desktop/AppIcons/Assets.xcassets/AppIcon.appiconset/48.png; sourceTree = "<group>"; };
		DA8AD25F26EA61E500B00D9E /* 80.png */ = {isa = PBXFileReference; lastKnownFileType = image.png; name = 80.png; path = ../../../Desktop/AppIcons/Assets.xcassets/AppIcon.appiconset/80.png; sourceTree = "<group>"; };
		DA8AD26026EA61E500B00D9E /* 114.png */ = {isa = PBXFileReference; lastKnownFileType = image.png; name = 114.png; path = ../../../Desktop/AppIcons/Assets.xcassets/AppIcon.appiconset/114.png; sourceTree = "<group>"; };
		DA8AD26126EA61E500B00D9E /* 72.png */ = {isa = PBXFileReference; lastKnownFileType = image.png; name = 72.png; path = ../../../Desktop/AppIcons/Assets.xcassets/AppIcon.appiconset/72.png; sourceTree = "<group>"; };
		DA8AD26226EA61E500B00D9E /* 16.png */ = {isa = PBXFileReference; lastKnownFileType = image.png; name = 16.png; path = ../../../Desktop/AppIcons/Assets.xcassets/AppIcon.appiconset/16.png; sourceTree = "<group>"; };
		DA8AD26326EA61E600B00D9E /* 128.png */ = {isa = PBXFileReference; lastKnownFileType = image.png; name = 128.png; path = ../../../Desktop/AppIcons/Assets.xcassets/AppIcon.appiconset/128.png; sourceTree = "<group>"; };
		DA8AD26426EA61E600B00D9E /* 167.png */ = {isa = PBXFileReference; lastKnownFileType = image.png; name = 167.png; path = ../../../Desktop/AppIcons/Assets.xcassets/AppIcon.appiconset/167.png; sourceTree = "<group>"; };
		DA8AD26526EA61E600B00D9E /* 100.png */ = {isa = PBXFileReference; lastKnownFileType = image.png; name = 100.png; path = ../../../Desktop/AppIcons/Assets.xcassets/AppIcon.appiconset/100.png; sourceTree = "<group>"; };
		DA8AD26626EA61E600B00D9E /* 87.png */ = {isa = PBXFileReference; lastKnownFileType = image.png; name = 87.png; path = ../../../Desktop/AppIcons/Assets.xcassets/AppIcon.appiconset/87.png; sourceTree = "<group>"; };
		DA8AD26726EA61E600B00D9E /* 172.png */ = {isa = PBXFileReference; lastKnownFileType = image.png; name = 172.png; path = ../../../Desktop/AppIcons/Assets.xcassets/AppIcon.appiconset/172.png; sourceTree = "<group>"; };
		DA8AD26826EA61E600B00D9E /* 512.png */ = {isa = PBXFileReference; lastKnownFileType = image.png; name = 512.png; path = ../../../Desktop/AppIcons/Assets.xcassets/AppIcon.appiconset/512.png; sourceTree = "<group>"; };
		DA8AD26926EA61E700B00D9E /* Contents.json */ = {isa = PBXFileReference; lastKnownFileType = text.json; name = Contents.json; path = ../../../Desktop/AppIcons/Assets.xcassets/AppIcon.appiconset/Contents.json; sourceTree = "<group>"; };
		DA8AD26A26EA61E700B00D9E /* 216.png */ = {isa = PBXFileReference; lastKnownFileType = image.png; name = 216.png; path = ../../../Desktop/AppIcons/Assets.xcassets/AppIcon.appiconset/216.png; sourceTree = "<group>"; };
		DA8AD26B26EA61E700B00D9E /* 256.png */ = {isa = PBXFileReference; lastKnownFileType = image.png; name = 256.png; path = ../../../Desktop/AppIcons/Assets.xcassets/AppIcon.appiconset/256.png; sourceTree = "<group>"; };
		DA8AD26C26EA61E700B00D9E /* 40.png */ = {isa = PBXFileReference; lastKnownFileType = image.png; name = 40.png; path = ../../../Desktop/AppIcons/Assets.xcassets/AppIcon.appiconset/40.png; sourceTree = "<group>"; };
		DA8AD26D26EA61E700B00D9E /* 32.png */ = {isa = PBXFileReference; lastKnownFileType = image.png; name = 32.png; path = ../../../Desktop/AppIcons/Assets.xcassets/AppIcon.appiconset/32.png; sourceTree = "<group>"; };
		DA8AD26E26EA61E700B00D9E /* 1024.png */ = {isa = PBXFileReference; lastKnownFileType = image.png; name = 1024.png; path = ../../../Desktop/AppIcons/Assets.xcassets/AppIcon.appiconset/1024.png; sourceTree = "<group>"; };
		DA8AD26F26EA61E800B00D9E /* 57.png */ = {isa = PBXFileReference; lastKnownFileType = image.png; name = 57.png; path = ../../../Desktop/AppIcons/Assets.xcassets/AppIcon.appiconset/57.png; sourceTree = "<group>"; };
		DA8AD27026EA61E800B00D9E /* 60.png */ = {isa = PBXFileReference; lastKnownFileType = image.png; name = 60.png; path = ../../../Desktop/AppIcons/Assets.xcassets/AppIcon.appiconset/60.png; sourceTree = "<group>"; };
		DA8AD27126EA61E800B00D9E /* 29.png */ = {isa = PBXFileReference; lastKnownFileType = image.png; name = 29.png; path = ../../../Desktop/AppIcons/Assets.xcassets/AppIcon.appiconset/29.png; sourceTree = "<group>"; };
		DA8AD27226EA61E800B00D9E /* 20.png */ = {isa = PBXFileReference; lastKnownFileType = image.png; name = 20.png; path = ../../../Desktop/AppIcons/Assets.xcassets/AppIcon.appiconset/20.png; sourceTree = "<group>"; };
		DA8AD27326EA61E800B00D9E /* 144.png */ = {isa = PBXFileReference; lastKnownFileType = image.png; name = 144.png; path = ../../../Desktop/AppIcons/Assets.xcassets/AppIcon.appiconset/144.png; sourceTree = "<group>"; };
		DA9E8DE4268B1C6C00EE54AE /* boost_context.xcframework */ = {isa = PBXFileReference; lastKnownFileType = wrapper.xcframework; name = boost_context.xcframework; path = "Pods/Flipper-Boost-iOSX/frameworks/boost_context.xcframework"; sourceTree = "<group>"; };
		DA9E8DE6268B210C00EE54AE /* boost_filesystem.xcframework */ = {isa = PBXFileReference; lastKnownFileType = wrapper.xcframework; name = boost_filesystem.xcframework; path = "Pods/Flipper-Boost-iOSX/frameworks/boost_filesystem.xcframework"; sourceTree = "<group>"; };
		DA9E8DE8268B211500EE54AE /* boost_program_options.xcframework */ = {isa = PBXFileReference; lastKnownFileType = wrapper.xcframework; name = boost_program_options.xcframework; path = "Pods/Flipper-Boost-iOSX/frameworks/boost_program_options.xcframework"; sourceTree = "<group>"; };
		DA9E8DEA268B211D00EE54AE /* boost_regex.xcframework */ = {isa = PBXFileReference; lastKnownFileType = wrapper.xcframework; name = boost_regex.xcframework; path = "Pods/Flipper-Boost-iOSX/frameworks/boost_regex.xcframework"; sourceTree = "<group>"; };
		DA9E8DEC268B212200EE54AE /* boost_thread.xcframework */ = {isa = PBXFileReference; lastKnownFileType = wrapper.xcframework; name = boost_thread.xcframework; path = "Pods/Flipper-Boost-iOSX/frameworks/boost_thread.xcframework"; sourceTree = "<group>"; };
		DA9E8DEE268B26AB00EE54AE /* boost_system.xcframework */ = {isa = PBXFileReference; lastKnownFileType = wrapper.xcframework; name = boost_system.xcframework; path = "Pods/Flipper-Boost-iOSX/frameworks/boost_system.xcframework"; sourceTree = "<group>"; };
		ECC25D05C8DB46CB855A0C93 /* FontAwesome5_Brands.ttf */ = {isa = PBXFileReference; explicitFileType = undefined; fileEncoding = 9; includeInIndex = 0; lastKnownFileType = unknown; name = FontAwesome5_Brands.ttf; path = "../node_modules/react-native-vector-icons/Fonts/FontAwesome5_Brands.ttf"; sourceTree = "<group>"; };
		ED297162215061F000B7C4FE /* JavaScriptCore.framework */ = {isa = PBXFileReference; lastKnownFileType = wrapper.framework; name = JavaScriptCore.framework; path = System/Library/Frameworks/JavaScriptCore.framework; sourceTree = SDKROOT; };
		ED2971642150620600B7C4FE /* JavaScriptCore.framework */ = {isa = PBXFileReference; lastKnownFileType = wrapper.framework; name = JavaScriptCore.framework; path = Platforms/AppleTVOS.platform/Developer/SDKs/AppleTVOS12.0.sdk/System/Library/Frameworks/JavaScriptCore.framework; sourceTree = DEVELOPER_DIR; };
		ED9FC5C607D9461A826CF1FD /* Ionicons.ttf */ = {isa = PBXFileReference; explicitFileType = undefined; fileEncoding = 9; includeInIndex = 0; lastKnownFileType = unknown; name = Ionicons.ttf; path = "../node_modules/react-native-vector-icons/Fonts/Ionicons.ttf"; sourceTree = "<group>"; };
		F6F98BF578C94861A70982F0 /* Feather.ttf */ = {isa = PBXFileReference; explicitFileType = undefined; fileEncoding = 9; includeInIndex = 0; lastKnownFileType = unknown; name = Feather.ttf; path = "../node_modules/react-native-vector-icons/Fonts/Feather.ttf"; sourceTree = "<group>"; };
		FAB5959D793A45AEA1B1B125 /* libRCTBluetoothSerial.a */ = {isa = PBXFileReference; explicitFileType = undefined; fileEncoding = 9; includeInIndex = 0; lastKnownFileType = archive.ar; path = libRCTBluetoothSerial.a; sourceTree = "<group>"; };
		FD58761E809DF00412C4C748 /* Pods-borneapp.debug.xcconfig */ = {isa = PBXFileReference; includeInIndex = 1; lastKnownFileType = text.xcconfig; name = "Pods-borneapp.debug.xcconfig"; path = "Target Support Files/Pods-borneapp/Pods-borneapp.debug.xcconfig"; sourceTree = "<group>"; };
/* End PBXFileReference section */

/* Begin PBXFrameworksBuildPhase section */
		13B07F8C1A680F5B00A75B9A /* Frameworks */ = {
			isa = PBXFrameworksBuildPhase;
			buildActionMask = 2147483647;
			files = (
				DAA9798426DFBED00009061A /* libPods-borneapp.a in Frameworks */,
				B21D497FA4170CA9B22CB62B /* libPods-borneapp.a in Frameworks */,
			);
			runOnlyForDeploymentPostprocessing = 0;
		};
/* End PBXFrameworksBuildPhase section */

/* Begin PBXGroup section */
		13B07FAE1A68108700A75B9A /* borneapp */ = {
			isa = PBXGroup;
			children = (
				BB2F792B24A3F905000567C9 /* Supporting */,
				008F07F21AC5B25A0029DE68 /* main.jsbundle */,
				13B07FAF1A68108700A75B9A /* AppDelegate.h */,
				13B07FB01A68108700A75B9A /* AppDelegate.m */,
				13B07FB51A68108700A75B9A /* Images.xcassets */,
				13B07FB61A68108700A75B9A /* Info.plist */,
				13B07FB11A68108700A75B9A /* LaunchScreen.xib */,
				13B07FB71A68108700A75B9A /* main.m */,
				AA286B85B6C04FC6940260E9 /* SplashScreen.storyboard */,
				4949F06026440071007C329C /* empty.swift */,
				4949F05F26440070007C329C /* borneapp-Bridging-Header.h */,
			);
			name = borneapp;
			sourceTree = "<group>";
		};
		2D16E6871FA4F8E400B85C8A /* Frameworks */ = {
			isa = PBXGroup;
			children = (
				DA9E8DEE268B26AB00EE54AE /* boost_system.xcframework */,
				DA9E8DEC268B212200EE54AE /* boost_thread.xcframework */,
				DA9E8DEA268B211D00EE54AE /* boost_regex.xcframework */,
				DA9E8DE8268B211500EE54AE /* boost_program_options.xcframework */,
				DA9E8DE6268B210C00EE54AE /* boost_filesystem.xcframework */,
				DA9E8DE4268B1C6C00EE54AE /* boost_context.xcframework */,
				ED297162215061F000B7C4FE /* JavaScriptCore.framework */,
				ED2971642150620600B7C4FE /* JavaScriptCore.framework */,
				9443D5D839E9D599C4321594 /* libPods-borneapp.a */,
			);
			name = Frameworks;
			sourceTree = "<group>";
		};
		832341AE1AAA6A7D00B99B32 /* Libraries */ = {
			isa = PBXGroup;
			children = (
			);
			name = Libraries;
			sourceTree = "<group>";
		};
		83CBB9F61A601CBA00E9B192 = {
			isa = PBXGroup;
			children = (
				13B07FAE1A68108700A75B9A /* borneapp */,
				832341AE1AAA6A7D00B99B32 /* Libraries */,
				83CBBA001A601CBA00E9B192 /* Products */,
				2D16E6871FA4F8E400B85C8A /* Frameworks */,
				D65327D7A22EEC0BE12398D9 /* Pods */,
				DAE20C7426419DD8006A7B03 /* Recovered References */,
				C38C2957E7814882ABF2A638 /* Resources */,
			);
			indentWidth = 2;
			sourceTree = "<group>";
			tabWidth = 2;
			usesTabs = 0;
		};
		83CBBA001A601CBA00E9B192 /* Products */ = {
			isa = PBXGroup;
			children = (
				13B07F961A680F5B00A75B9A /* borneapp.app */,
			);
			name = Products;
			sourceTree = "<group>";
		};
		BB2F792B24A3F905000567C9 /* Supporting */ = {
			isa = PBXGroup;
			children = (
				BB2F792C24A3F905000567C9 /* Expo.plist */,
			);
			name = Supporting;
			path = borneapp/Supporting;
			sourceTree = "<group>";
		};
		C38C2957E7814882ABF2A638 /* Resources */ = {
			isa = PBXGroup;
			children = (
				DA8AD26226EA61E500B00D9E /* 16.png */,
				DA8AD27226EA61E800B00D9E /* 20.png */,
				DA8AD27126EA61E800B00D9E /* 29.png */,
				DA8AD26D26EA61E700B00D9E /* 32.png */,
				DA8AD26C26EA61E700B00D9E /* 40.png */,
				DA8AD25E26EA61E500B00D9E /* 48.png */,
				DA8AD25926EA61E400B00D9E /* 50.png */,
				DA8AD25B26EA61E400B00D9E /* 55.png */,
				DA8AD26F26EA61E800B00D9E /* 57.png */,
				DA8AD25626EA61E300B00D9E /* 58.png */,
				DA8AD27026EA61E800B00D9E /* 60.png */,
				DA8AD25426EA61E300B00D9E /* 64.png */,
				DA8AD26126EA61E500B00D9E /* 72.png */,
				DA8AD25726EA61E400B00D9E /* 76.png */,
				DA8AD25F26EA61E500B00D9E /* 80.png */,
				DA8AD26626EA61E600B00D9E /* 87.png */,
				DA8AD25526EA61E300B00D9E /* 88.png */,
				DA8AD26526EA61E600B00D9E /* 100.png */,
				DA8AD26026EA61E500B00D9E /* 114.png */,
				DA8AD25C26EA61E400B00D9E /* 120.png */,
				DA8AD26326EA61E600B00D9E /* 128.png */,
				DA8AD27326EA61E800B00D9E /* 144.png */,
				DA8AD25D26EA61E500B00D9E /* 152.png */,
				DA8AD26426EA61E600B00D9E /* 167.png */,
				DA8AD26726EA61E600B00D9E /* 172.png */,
				DA8AD25826EA61E400B00D9E /* 180.png */,
				DA8AD25A26EA61E400B00D9E /* 196.png */,
				DA8AD26A26EA61E700B00D9E /* 216.png */,
				DA8AD26B26EA61E700B00D9E /* 256.png */,
				DA8AD26826EA61E600B00D9E /* 512.png */,
				DA8AD26E26EA61E700B00D9E /* 1024.png */,
				DA8AD26926EA61E700B00D9E /* Contents.json */,
				D18067B864F742179739554F /* AntDesign.ttf */,
				16E5CC03EEAA4A94992ABE38 /* Entypo.ttf */,
				7C31B62561D34FAEB76A9B63 /* EvilIcons.ttf */,
				F6F98BF578C94861A70982F0 /* Feather.ttf */,
				B2C2BEC0472849CAA88C87A6 /* FontAwesome.ttf */,
				ECC25D05C8DB46CB855A0C93 /* FontAwesome5_Brands.ttf */,
				7DC4E7D271334987AD696212 /* FontAwesome5_Regular.ttf */,
				91DB3AAAE69A492E81E04FC7 /* FontAwesome5_Solid.ttf */,
				BB145F0F91014A17B93DDA53 /* Fontisto.ttf */,
				0DA12E1A2D3B42A887799A97 /* Foundation.ttf */,
				ED9FC5C607D9461A826CF1FD /* Ionicons.ttf */,
				00EC02C3E87A454498D5F11A /* MaterialCommunityIcons.ttf */,
				CAEA71BE9AA64F06AA418B07 /* MaterialIcons.ttf */,
				915F308659D143A38448DD2C /* Octicons.ttf */,
				00E91057079843E5834525E9 /* SimpleLineIcons.ttf */,
				A5C60CBCC06B41B999C11458 /* Zocial.ttf */,
			);
			name = Resources;
			sourceTree = "<group>";
		};
		D65327D7A22EEC0BE12398D9 /* Pods */ = {
			isa = PBXGroup;
			children = (
				FD58761E809DF00412C4C748 /* Pods-borneapp.debug.xcconfig */,
				04543FD491B9BC3E1842264F /* Pods-borneapp.release.xcconfig */,
			);
			path = Pods;
			sourceTree = "<group>";
		};
		DAE20C7426419DD8006A7B03 /* Recovered References */ = {
			isa = PBXGroup;
			children = (
				FAB5959D793A45AEA1B1B125 /* libRCTBluetoothSerial.a */,
			);
			name = "Recovered References";
			sourceTree = "<group>";
		};
/* End PBXGroup section */

/* Begin PBXNativeTarget section */
		13B07F861A680F5B00A75B9A /* borneapp */ = {
			isa = PBXNativeTarget;
			buildConfigurationList = 13B07F931A680F5B00A75B9A /* Build configuration list for PBXNativeTarget "borneapp" */;
			buildPhases = (
				0C6142B4B98114B59697FDF9 /* [CP] Check Pods Manifest.lock */,
				FD10A7F022414F080027D42C /* Start Packager */,
				13B07F871A680F5B00A75B9A /* Sources */,
				13B07F8C1A680F5B00A75B9A /* Frameworks */,
				13B07F8E1A680F5B00A75B9A /* Resources */,
				00DD1BFF1BD5951E006B06BC /* Bundle React Native code and images */,
				683D297B6F943E05C6948293 /* [CP] Copy Pods Resources */,
			);
			buildRules = (
			);
			dependencies = (
			);
			name = borneapp;
			productName = borneapp;
			productReference = 13B07F961A680F5B00A75B9A /* borneapp.app */;
			productType = "com.apple.product-type.application";
		};
/* End PBXNativeTarget section */

/* Begin PBXProject section */
		83CBB9F71A601CBA00E9B192 /* Project object */ = {
			isa = PBXProject;
			attributes = {
				LastUpgradeCheck = 1250;
				TargetAttributes = {
					13B07F861A680F5B00A75B9A = {
						DevelopmentTeam = 522AGJ7B6S;
						LastSwiftMigration = 1250;
						ProvisioningStyle = Automatic;
					};
				};
			};
			buildConfigurationList = 83CBB9FA1A601CBA00E9B192 /* Build configuration list for PBXProject "borneapp" */;
			compatibilityVersion = "Xcode 3.2";
			developmentRegion = en;
			hasScannedForEncodings = 0;
			knownRegions = (
				en,
				Base,
			);
			mainGroup = 83CBB9F61A601CBA00E9B192;
			productRefGroup = 83CBBA001A601CBA00E9B192 /* Products */;
			projectDirPath = "";
			projectRoot = "";
			targets = (
				13B07F861A680F5B00A75B9A /* borneapp */,
			);
		};
/* End PBXProject section */

/* Begin PBXResourcesBuildPhase section */
		13B07F8E1A680F5B00A75B9A /* Resources */ = {
			isa = PBXResourcesBuildPhase;
			buildActionMask = 2147483647;
			files = (
				BB2F792D24A3F905000567C9 /* Expo.plist in Resources */,
				13B07FBF1A68108700A75B9A /* Images.xcassets in Resources */,
				13B07FBD1A68108700A75B9A /* LaunchScreen.xib in Resources */,
				3E461D99554A48A4959DE609 /* SplashScreen.storyboard in Resources */,
			);
			runOnlyForDeploymentPostprocessing = 0;
		};
/* End PBXResourcesBuildPhase section */

/* Begin PBXShellScriptBuildPhase section */
		00DD1BFF1BD5951E006B06BC /* Bundle React Native code and images */ = {
			isa = PBXShellScriptBuildPhase;
			buildActionMask = 2147483647;
			files = (
			);
			inputPaths = (
			);
			name = "Bundle React Native code and images";
			outputPaths = (
			);
			runOnlyForDeploymentPostprocessing = 0;
			shellPath = /bin/sh;
			shellScript = "export NODE_BINARY=node\n../node_modules/react-native/scripts/react-native-xcode.sh\n";
		};
		0C6142B4B98114B59697FDF9 /* [CP] Check Pods Manifest.lock */ = {
			isa = PBXShellScriptBuildPhase;
			buildActionMask = 2147483647;
			files = (
			);
			inputFileListPaths = (
			);
			inputPaths = (
				"${PODS_PODFILE_DIR_PATH}/Podfile.lock",
				"${PODS_ROOT}/Manifest.lock",
			);
			name = "[CP] Check Pods Manifest.lock";
			outputFileListPaths = (
			);
			outputPaths = (
				"$(DERIVED_FILE_DIR)/Pods-borneapp-checkManifestLockResult.txt",
			);
			runOnlyForDeploymentPostprocessing = 0;
			shellPath = /bin/sh;
			shellScript = "diff \"${PODS_PODFILE_DIR_PATH}/Podfile.lock\" \"${PODS_ROOT}/Manifest.lock\" > /dev/null\nif [ $? != 0 ] ; then\n    # print error to STDERR\n    echo \"error: The sandbox is not in sync with the Podfile.lock. Run 'pod install' or update your CocoaPods installation.\" >&2\n    exit 1\nfi\n# This output is used by Xcode 'outputs' to avoid re-running this script phase.\necho \"SUCCESS\" > \"${SCRIPT_OUTPUT_FILE_0}\"\n";
			showEnvVarsInLog = 0;
		};
		683D297B6F943E05C6948293 /* [CP] Copy Pods Resources */ = {
			isa = PBXShellScriptBuildPhase;
			buildActionMask = 2147483647;
			files = (
			);
			inputPaths = (
				"${PODS_ROOT}/Target Support Files/Pods-borneapp/Pods-borneapp-resources.sh",
				"${PODS_ROOT}/../../node_modules/react-native-vector-icons/Fonts/AntDesign.ttf",
				"${PODS_ROOT}/../../node_modules/react-native-vector-icons/Fonts/Entypo.ttf",
				"${PODS_ROOT}/../../node_modules/react-native-vector-icons/Fonts/EvilIcons.ttf",
				"${PODS_ROOT}/../../node_modules/react-native-vector-icons/Fonts/Feather.ttf",
				"${PODS_ROOT}/../../node_modules/react-native-vector-icons/Fonts/FontAwesome.ttf",
				"${PODS_ROOT}/../../node_modules/react-native-vector-icons/Fonts/FontAwesome5_Brands.ttf",
				"${PODS_ROOT}/../../node_modules/react-native-vector-icons/Fonts/FontAwesome5_Regular.ttf",
				"${PODS_ROOT}/../../node_modules/react-native-vector-icons/Fonts/FontAwesome5_Solid.ttf",
				"${PODS_ROOT}/../../node_modules/react-native-vector-icons/Fonts/Fontisto.ttf",
				"${PODS_ROOT}/../../node_modules/react-native-vector-icons/Fonts/Foundation.ttf",
				"${PODS_ROOT}/../../node_modules/react-native-vector-icons/Fonts/Ionicons.ttf",
				"${PODS_ROOT}/../../node_modules/react-native-vector-icons/Fonts/MaterialCommunityIcons.ttf",
				"${PODS_ROOT}/../../node_modules/react-native-vector-icons/Fonts/MaterialIcons.ttf",
				"${PODS_ROOT}/../../node_modules/react-native-vector-icons/Fonts/Octicons.ttf",
				"${PODS_ROOT}/../../node_modules/react-native-vector-icons/Fonts/SimpleLineIcons.ttf",
				"${PODS_ROOT}/../../node_modules/react-native-vector-icons/Fonts/Zocial.ttf",
				"${PODS_CONFIGURATION_BUILD_DIR}/React-Core/AccessibilityResources.bundle",
			);
			name = "[CP] Copy Pods Resources";
			outputPaths = (
				"${TARGET_BUILD_DIR}/${UNLOCALIZED_RESOURCES_FOLDER_PATH}/AntDesign.ttf",
				"${TARGET_BUILD_DIR}/${UNLOCALIZED_RESOURCES_FOLDER_PATH}/Entypo.ttf",
				"${TARGET_BUILD_DIR}/${UNLOCALIZED_RESOURCES_FOLDER_PATH}/EvilIcons.ttf",
				"${TARGET_BUILD_DIR}/${UNLOCALIZED_RESOURCES_FOLDER_PATH}/Feather.ttf",
				"${TARGET_BUILD_DIR}/${UNLOCALIZED_RESOURCES_FOLDER_PATH}/FontAwesome.ttf",
				"${TARGET_BUILD_DIR}/${UNLOCALIZED_RESOURCES_FOLDER_PATH}/FontAwesome5_Brands.ttf",
				"${TARGET_BUILD_DIR}/${UNLOCALIZED_RESOURCES_FOLDER_PATH}/FontAwesome5_Regular.ttf",
				"${TARGET_BUILD_DIR}/${UNLOCALIZED_RESOURCES_FOLDER_PATH}/FontAwesome5_Solid.ttf",
				"${TARGET_BUILD_DIR}/${UNLOCALIZED_RESOURCES_FOLDER_PATH}/Fontisto.ttf",
				"${TARGET_BUILD_DIR}/${UNLOCALIZED_RESOURCES_FOLDER_PATH}/Foundation.ttf",
				"${TARGET_BUILD_DIR}/${UNLOCALIZED_RESOURCES_FOLDER_PATH}/Ionicons.ttf",
				"${TARGET_BUILD_DIR}/${UNLOCALIZED_RESOURCES_FOLDER_PATH}/MaterialCommunityIcons.ttf",
				"${TARGET_BUILD_DIR}/${UNLOCALIZED_RESOURCES_FOLDER_PATH}/MaterialIcons.ttf",
				"${TARGET_BUILD_DIR}/${UNLOCALIZED_RESOURCES_FOLDER_PATH}/Octicons.ttf",
				"${TARGET_BUILD_DIR}/${UNLOCALIZED_RESOURCES_FOLDER_PATH}/SimpleLineIcons.ttf",
				"${TARGET_BUILD_DIR}/${UNLOCALIZED_RESOURCES_FOLDER_PATH}/Zocial.ttf",
				"${TARGET_BUILD_DIR}/${UNLOCALIZED_RESOURCES_FOLDER_PATH}/AccessibilityResources.bundle",
			);
			runOnlyForDeploymentPostprocessing = 0;
			shellPath = /bin/sh;
			shellScript = "\"${PODS_ROOT}/Target Support Files/Pods-borneapp/Pods-borneapp-resources.sh\"\n";
			showEnvVarsInLog = 0;
		};
		FD10A7F022414F080027D42C /* Start Packager */ = {
			isa = PBXShellScriptBuildPhase;
			buildActionMask = 2147483647;
			files = (
			);
			inputFileListPaths = (
			);
			inputPaths = (
			);
			name = "Start Packager";
			outputFileListPaths = (
			);
			outputPaths = (
			);
			runOnlyForDeploymentPostprocessing = 0;
			shellPath = /bin/sh;
			shellScript = "export RCT_METRO_PORT=\"${RCT_METRO_PORT:=8081}\"\necho \"export RCT_METRO_PORT=${RCT_METRO_PORT}\" > \"${SRCROOT}/../node_modules/react-native/scripts/.packager.env\"\nif [ -z \"${RCT_NO_LAUNCH_PACKAGER+xxx}\" ] ; then\n  if nc -w 5 -z localhost ${RCT_METRO_PORT} ; then\n    if ! curl -s \"http://localhost:${RCT_METRO_PORT}/status\" | grep -q \"packager-status:running\" ; then\n      echo \"Port ${RCT_METRO_PORT} already in use, packager is either not running or not running correctly\"\n      exit 2\n    fi\n  else\n    open \"$SRCROOT/../node_modules/react-native/scripts/launchPackager.command\" || echo \"Can't start packager automatically\"\n  fi\nfi\n";
			showEnvVarsInLog = 0;
		};
/* End PBXShellScriptBuildPhase section */

/* Begin PBXSourcesBuildPhase section */
		13B07F871A680F5B00A75B9A /* Sources */ = {
			isa = PBXSourcesBuildPhase;
			buildActionMask = 2147483647;
			files = (
				13B07FBC1A68108700A75B9A /* AppDelegate.m in Sources */,
				13B07FC11A68108700A75B9A /* main.m in Sources */,
				4949F06126440071007C329C /* empty.swift in Sources */,
			);
			runOnlyForDeploymentPostprocessing = 0;
		};
/* End PBXSourcesBuildPhase section */

/* Begin PBXVariantGroup section */
		13B07FB11A68108700A75B9A /* LaunchScreen.xib */ = {
			isa = PBXVariantGroup;
			children = (
				13B07FB21A68108700A75B9A /* Base */,
			);
			name = LaunchScreen.xib;
			path = borneapp;
			sourceTree = "<group>";
		};
/* End PBXVariantGroup section */

/* Begin XCBuildConfiguration section */
		13B07F941A680F5B00A75B9A /* Debug */ = {
			isa = XCBuildConfiguration;
			baseConfigurationReference = FD58761E809DF00412C4C748 /* Pods-borneapp.debug.xcconfig */;
			buildSettings = {
				ASSETCATALOG_COMPILER_APPICON_NAME = AppIcon;
				CLANG_ENABLE_MODULES = YES;
				CODE_SIGN_ENTITLEMENTS = borneapp/borneapp.entitlements;
				CODE_SIGN_IDENTITY = "Apple Development";
				CODE_SIGN_STYLE = Automatic;
				CURRENT_PROJECT_VERSION = 14;
				DEVELOPMENT_TEAM = 522AGJ7B6S;
				ENABLE_BITCODE = NO;
				GCC_PREPROCESSOR_DEFINITIONS = (
					"$(inherited)",
					"FB_SONARKIT_ENABLED=1",
				);
				HEADER_SEARCH_PATHS = (
					"\"$(TOOLCHAIN_DIR)/usr/lib/swift/$(PLATFORM_NAME)\"",
					"\"$(TOOLCHAIN_DIR)/usr/lib/swift-5.0/$(PLATFORM_NAME)\"",
					"$(inherited)",
				);
				INFOPLIST_FILE = borneapp/Info.plist;
				IPHONEOS_DEPLOYMENT_TARGET = 10.2;
				LD_RUNPATH_SEARCH_PATHS = "$(inherited) @executable_path/Frameworks";
				LIBRARY_SEARCH_PATHS = (
					"$(inherited)",
					"\"$(SRCROOT)/borneapp\"",
				);
				MARKETING_VERSION = 0.4.6;
				OTHER_LDFLAGS = (
					"$(inherited)",
					"-ObjC",
					"-lc++",
				);
				PRESERVE_DEAD_CODE_INITS_AND_TERMS = YES;
				PRODUCT_BUNDLE_IDENTIFIER = com.antadis.appborne;
				PRODUCT_NAME = borneapp;
				PROVISIONING_PROFILE_SPECIFIER = "";
				SWIFT_OBJC_BRIDGING_HEADER = "borneapp-Bridging-Header.h";
				SWIFT_OPTIMIZATION_LEVEL = "-Onone";
				SWIFT_VERSION = 5.0;
				TARGETED_DEVICE_FAMILY = 1;
				VERSIONING_SYSTEM = "apple-generic";
			};
			name = Debug;
		};
		13B07F951A680F5B00A75B9A /* Release */ = {
			isa = XCBuildConfiguration;
			baseConfigurationReference = 04543FD491B9BC3E1842264F /* Pods-borneapp.release.xcconfig */;
			buildSettings = {
				ASSETCATALOG_COMPILER_APPICON_NAME = AppIcon;
				CLANG_ENABLE_MODULES = YES;
				CODE_SIGN_ENTITLEMENTS = borneapp/borneapp.entitlements;
				CODE_SIGN_IDENTITY = "Apple Development";
				CODE_SIGN_STYLE = Automatic;
				CURRENT_PROJECT_VERSION = 14;
				DEVELOPMENT_TEAM = 522AGJ7B6S;
				"EXCLUDED_ARCHS[sdk=*]" = "";
				HEADER_SEARCH_PATHS = (
					"\"$(TOOLCHAIN_DIR)/usr/lib/swift/$(PLATFORM_NAME)\"",
					"\"$(TOOLCHAIN_DIR)/usr/lib/swift-5.0/$(PLATFORM_NAME)\"",
					"$(inherited)",
				);
				INFOPLIST_FILE = borneapp/Info.plist;
				IPHONEOS_DEPLOYMENT_TARGET = 10.2;
				LD_RUNPATH_SEARCH_PATHS = "$(inherited) @executable_path/Frameworks";
				LIBRARY_SEARCH_PATHS = (
					"$(inherited)",
					"\"$(SRCROOT)/borneapp\"",
				);
				MARKETING_VERSION = 0.4.6;
				ONLY_ACTIVE_ARCH = NO;
				OTHER_LDFLAGS = (
					"$(inherited)",
					"-ObjC",
					"-lc++",
				);
				PRESERVE_DEAD_CODE_INITS_AND_TERMS = YES;
				PRODUCT_BUNDLE_IDENTIFIER = com.antadis.appborne;
				PRODUCT_NAME = borneapp;
				PROVISIONING_PROFILE_SPECIFIER = "";
				SWIFT_OBJC_BRIDGING_HEADER = "borneapp-Bridging-Header.h";
				SWIFT_VERSION = 5.0;
				TARGETED_DEVICE_FAMILY = 1;
				VERSIONING_SYSTEM = "apple-generic";
			};
			name = Release;
		};
		83CBBA201A601CBA00E9B192 /* Debug */ = {
			isa = XCBuildConfiguration;
			buildSettings = {
				ALWAYS_EMBED_SWIFT_STANDARD_LIBRARIES = YES;
				ALWAYS_SEARCH_USER_PATHS = NO;
				CLANG_ANALYZER_LOCALIZABILITY_NONLOCALIZED = YES;
				CLANG_CXX_LANGUAGE_STANDARD = "gnu++0x";
				CLANG_CXX_LIBRARY = "libc++";
				CLANG_ENABLE_MODULES = YES;
				CLANG_ENABLE_OBJC_ARC = YES;
				CLANG_WARN_BLOCK_CAPTURE_AUTORELEASING = YES;
				CLANG_WARN_BOOL_CONVERSION = YES;
				CLANG_WARN_COMMA = YES;
				CLANG_WARN_CONSTANT_CONVERSION = YES;
				CLANG_WARN_DEPRECATED_OBJC_IMPLEMENTATIONS = YES;
				CLANG_WARN_DIRECT_OBJC_ISA_USAGE = YES_ERROR;
				CLANG_WARN_EMPTY_BODY = YES;
				CLANG_WARN_ENUM_CONVERSION = YES;
				CLANG_WARN_INFINITE_RECURSION = YES;
				CLANG_WARN_INT_CONVERSION = YES;
				CLANG_WARN_NON_LITERAL_NULL_CONVERSION = YES;
				CLANG_WARN_OBJC_IMPLICIT_RETAIN_SELF = YES;
				CLANG_WARN_OBJC_LITERAL_CONVERSION = YES;
				CLANG_WARN_OBJC_ROOT_CLASS = YES_ERROR;
				CLANG_WARN_QUOTED_INCLUDE_IN_FRAMEWORK_HEADER = YES;
				CLANG_WARN_RANGE_LOOP_ANALYSIS = YES;
				CLANG_WARN_STRICT_PROTOTYPES = YES;
				CLANG_WARN_SUSPICIOUS_MOVE = YES;
				CLANG_WARN_UNREACHABLE_CODE = YES;
				CLANG_WARN__DUPLICATE_METHOD_MATCH = YES;
				CODE_SIGN_ENTITLEMENTS = borneapp/borneapp.entitlements;
				"CODE_SIGN_IDENTITY[sdk=iphoneos*]" = "iPhone Developer";
				COPY_PHASE_STRIP = YES;
				ENABLE_STRICT_OBJC_MSGSEND = YES;
				ENABLE_TESTABILITY = YES;
				EXCLUDED_ARCHS = "";
				"EXCLUDED_ARCHS[sdk=iphonesimulator*]" = arm64;
				GCC_C_LANGUAGE_STANDARD = gnu99;
				GCC_DYNAMIC_NO_PIC = NO;
				GCC_NO_COMMON_BLOCKS = YES;
				GCC_OPTIMIZATION_LEVEL = 0;
				GCC_PREPROCESSOR_DEFINITIONS = (
					"DEBUG=1",
					"$(inherited)",
				);
				GCC_SYMBOLS_PRIVATE_EXTERN = NO;
				GCC_WARN_64_TO_32_BIT_CONVERSION = YES;
				GCC_WARN_ABOUT_RETURN_TYPE = YES_ERROR;
				GCC_WARN_UNDECLARED_SELECTOR = YES;
				GCC_WARN_UNINITIALIZED_AUTOS = YES_AGGRESSIVE;
				GCC_WARN_UNUSED_FUNCTION = YES;
				GCC_WARN_UNUSED_VARIABLE = YES;
				IPHONEOS_DEPLOYMENT_TARGET = 10.2;
				LD_RUNPATH_SEARCH_PATHS = "/usr/lib/swift $(inherited)";
				LIBRARY_SEARCH_PATHS = "\"$(inherited)\"";
				MTL_ENABLE_DEBUG_INFO = YES;
				ONLY_ACTIVE_ARCH = YES;
				PRESERVE_DEAD_CODE_INITS_AND_TERMS = YES;
				SDKROOT = iphoneos;
			};
			name = Debug;
		};
		83CBBA211A601CBA00E9B192 /* Release */ = {
			isa = XCBuildConfiguration;
			buildSettings = {
				ALWAYS_EMBED_SWIFT_STANDARD_LIBRARIES = YES;
				ALWAYS_SEARCH_USER_PATHS = NO;
				CLANG_ANALYZER_LOCALIZABILITY_NONLOCALIZED = YES;
				CLANG_CXX_LANGUAGE_STANDARD = "gnu++0x";
				CLANG_CXX_LIBRARY = "libc++";
				CLANG_ENABLE_MODULES = YES;
				CLANG_ENABLE_OBJC_ARC = YES;
				CLANG_WARN_BLOCK_CAPTURE_AUTORELEASING = YES;
				CLANG_WARN_BOOL_CONVERSION = YES;
				CLANG_WARN_COMMA = YES;
				CLANG_WARN_CONSTANT_CONVERSION = YES;
				CLANG_WARN_DEPRECATED_OBJC_IMPLEMENTATIONS = YES;
				CLANG_WARN_DIRECT_OBJC_ISA_USAGE = YES_ERROR;
				CLANG_WARN_EMPTY_BODY = YES;
				CLANG_WARN_ENUM_CONVERSION = YES;
				CLANG_WARN_INFINITE_RECURSION = YES;
				CLANG_WARN_INT_CONVERSION = YES;
				CLANG_WARN_NON_LITERAL_NULL_CONVERSION = YES;
				CLANG_WARN_OBJC_IMPLICIT_RETAIN_SELF = YES;
				CLANG_WARN_OBJC_LITERAL_CONVERSION = YES;
				CLANG_WARN_OBJC_ROOT_CLASS = YES_ERROR;
				CLANG_WARN_QUOTED_INCLUDE_IN_FRAMEWORK_HEADER = YES;
				CLANG_WARN_RANGE_LOOP_ANALYSIS = YES;
				CLANG_WARN_STRICT_PROTOTYPES = YES;
				CLANG_WARN_SUSPICIOUS_MOVE = YES;
				CLANG_WARN_UNREACHABLE_CODE = YES;
				CLANG_WARN__DUPLICATE_METHOD_MATCH = YES;
				CODE_SIGN_ENTITLEMENTS = borneapp/borneapp.entitlements;
				"CODE_SIGN_IDENTITY[sdk=iphoneos*]" = "iPhone Developer";
				COPY_PHASE_STRIP = YES;
				ENABLE_NS_ASSERTIONS = NO;
				ENABLE_STRICT_OBJC_MSGSEND = YES;
				EXCLUDED_ARCHS = "";
				"EXCLUDED_ARCHS[sdk=*]" = arm64;
				GCC_C_LANGUAGE_STANDARD = gnu99;
				GCC_NO_COMMON_BLOCKS = YES;
				GCC_WARN_64_TO_32_BIT_CONVERSION = YES;
				GCC_WARN_ABOUT_RETURN_TYPE = YES_ERROR;
				GCC_WARN_UNDECLARED_SELECTOR = YES;
				GCC_WARN_UNINITIALIZED_AUTOS = YES_AGGRESSIVE;
				GCC_WARN_UNUSED_FUNCTION = YES;
				GCC_WARN_UNUSED_VARIABLE = YES;
				IPHONEOS_DEPLOYMENT_TARGET = 10.2;
				LD_RUNPATH_SEARCH_PATHS = "/usr/lib/swift $(inherited)";
				LIBRARY_SEARCH_PATHS = "\"$(inherited)\"";
				MTL_ENABLE_DEBUG_INFO = NO;
				ONLY_ACTIVE_ARCH = YES;
				PRESERVE_DEAD_CODE_INITS_AND_TERMS = YES;
				SDKROOT = iphoneos;
				VALIDATE_PRODUCT = YES;
			};
			name = Release;
		};
/* End XCBuildConfiguration section */

/* Begin XCConfigurationList section */
		13B07F931A680F5B00A75B9A /* Build configuration list for PBXNativeTarget "borneapp" */ = {
			isa = XCConfigurationList;
			buildConfigurations = (
				13B07F941A680F5B00A75B9A /* Debug */,
				13B07F951A680F5B00A75B9A /* Release */,
			);
			defaultConfigurationIsVisible = 0;
			defaultConfigurationName = Release;
		};
		83CBB9FA1A601CBA00E9B192 /* Build configuration list for PBXProject "borneapp" */ = {
			isa = XCConfigurationList;
			buildConfigurations = (
				83CBBA201A601CBA00E9B192 /* Debug */,
				83CBBA211A601CBA00E9B192 /* Release */,
			);
			defaultConfigurationIsVisible = 0;
			defaultConfigurationName = Release;
		};
/* End XCConfigurationList section */
	};
	rootObject = 83CBB9F71A601CBA00E9B192 /* Project object */;
}
